Microsoft Visual Studio Solution File, Format Version 12.00
# Visual Studio Version 17
VisualStudioVersion = 17.5.2.0
MinimumVisualStudioVersion = 10.0.40219.1
Project("{FAE04EC0-301F-11D3-BF4B-00C04F79EFBC}") = "Lab1", "Lab1\Lab1.csproj", "{4C38379F-6B46-EF58-4F1F-EC66EF1F7497}"
EndProject
Project("{FAE04EC0-301F-11D3-BF4B-00C04F79EFBC}") = "Lab2", "Lab2\Lab2.csproj", "{14C272BE-ED2F-43B1-B502-8CBA5C93A223}"
EndProject
Project("{FAE04EC0-301F-11D3-BF4B-00C04F79EFBC}") = "Lab3", "Lab3\Lab3.csproj", "{3F87C551-C57B-44D3-93B1-AB175BE6D642}"
EndProject
Project("{FAE04EC0-301F-11D3-BF4B-00C04F79EFBC}") = "Lab4", "Lab4\Lab4.csproj", "{04B1C864-5775-45F3-A794-065A809C9739}"
EndProject
Project("{FAE04EC0-301F-11D3-BF4B-00C04F79EFBC}") = "Lab5", "Lab5\Lab5.csproj", "{CBE3DBFE-6AC6-4C2C-8F12-43CEEA780296}"
EndProject
Project("{FAE04EC0-301F-11D3-BF4B-00C04F79EFBC}") = "Lab6", "Lab6\Lab6.csproj", "{475333F7-161D-4051-940E-71A7D3678455}"
EndProject
Project("{FAE04EC0-301F-11D3-BF4B-00C04F79EFBC}") = "Lab7", "Lab7\Lab7.csproj", "{E1FB8B13-1B93-4B1A-9A05-307A155A086F}"
EndProject
Global
	GlobalSection(SolutionConfigurationPlatforms) = preSolution
		Debug|Any CPU = Debug|Any CPU
		Release|Any CPU = Release|Any CPU
	EndGlobalSection
	GlobalSection(ProjectConfigurationPlatforms) = postSolution
		{4C38379F-6B46-EF58-4F1F-EC66EF1F7497}.Debug|Any CPU.ActiveCfg = Debug|Any CPU
		{4C38379F-6B46-EF58-4F1F-EC66EF1F7497}.Debug|Any CPU.Build.0 = Debug|Any CPU
		{4C38379F-6B46-EF58-4F1F-EC66EF1F7497}.Release|Any CPU.ActiveCfg = Release|Any CPU
		{4C38379F-6B46-EF58-4F1F-EC66EF1F7497}.Release|Any CPU.Build.0 = Release|Any CPU
		{14C272BE-ED2F-43B1-B502-8CBA5C93A223}.Debug|Any CPU.ActiveCfg = Debug|Any CPU
		{14C272BE-ED2F-43B1-B502-8CBA5C93A223}.Debug|Any CPU.Build.0 = Debug|Any CPU
		{14C272BE-ED2F-43B1-B502-8CBA5C93A223}.Release|Any CPU.ActiveCfg = Release|Any CPU
		{14C272BE-ED2F-43B1-B502-8CBA5C93A223}.Release|Any CPU.Build.0 = Release|Any CPU
		{3F87C551-C57B-44D3-93B1-AB175BE6D642}.Debug|Any CPU.ActiveCfg = Debug|Any CPU
		{3F87C551-C57B-44D3-93B1-AB175BE6D642}.Debug|Any CPU.Build.0 = Debug|Any CPU
		{3F87C551-C57B-44D3-93B1-AB175BE6D642}.Release|Any CPU.ActiveCfg = Release|Any CPU
		{3F87C551-C57B-44D3-93B1-AB175BE6D642}.Release|Any CPU.Build.0 = Release|Any CPU
		{04B1C864-5775-45F3-A794-065A809C9739}.Debug|Any CPU.ActiveCfg = Debug|Any CPU
		{04B1C864-5775-45F3-A794-065A809C9739}.Debug|Any CPU.Build.0 = Debug|Any CPU
		{04B1C864-5775-45F3-A794-065A809C9739}.Release|Any CPU.ActiveCfg = Release|Any CPU
		{04B1C864-5775-45F3-A794-065A809C9739}.Release|Any CPU.Build.0 = Release|Any CPU
		{CBE3DBFE-6AC6-4C2C-8F12-43CEEA780296}.Debug|Any CPU.ActiveCfg = Debug|Any CPU
		{CBE3DBFE-6AC6-4C2C-8F12-43CEEA780296}.Debug|Any CPU.Build.0 = Debug|Any CPU
		{CBE3DBFE-6AC6-4C2C-8F12-43CEEA780296}.Release|Any CPU.ActiveCfg = Release|Any CPU
		{CBE3DBFE-6AC6-4C2C-8F12-43CEEA780296}.Release|Any CPU.Build.0 = Release|Any CPU
		{475333F7-161D-4051-940E-71A7D3678455}.Debug|Any CPU.ActiveCfg = Debug|Any CPU
		{475333F7-161D-4051-940E-71A7D3678455}.Debug|Any CPU.Build.0 = Debug|Any CPU
		{475333F7-161D-4051-940E-71A7D3678455}.Release|Any CPU.ActiveCfg = Release|Any CPU
		{475333F7-161D-4051-940E-71A7D3678455}.Release|Any CPU.Build.0 = Release|Any CPU
		{E1FB8B13-1B93-4B1A-9A05-307A155A086F}.Debug|Any CPU.ActiveCfg = Debug|Any CPU
		{E1FB8B13-1B93-4B1A-9A05-307A155A086F}.Debug|Any CPU.Build.0 = Debug|Any CPU
		{E1FB8B13-1B93-4B1A-9A05-307A155A086F}.Release|Any CPU.ActiveCfg = Release|Any CPU
		{E1FB8B13-1B93-4B1A-9A05-307A155A086F}.Release|Any CPU.Build.0 = Release|Any CPU
	EndGlobalSection
	GlobalSection(SolutionProperties) = preSolution
		HideSolutionNode = FALSE
	EndGlobalSection
	GlobalSection(ExtensibilityGlobals) = postSolution
		SolutionGuid = {EBB71AF2-2131-4152-8F80-82EBC0F2D7D8}
	EndGlobalSection
EndGlobal
